// !$*UTF8*$!
{
	archiveVersion = 1;
	classes = {
	};
	objectVersion = 48;
	objects = {

/* Begin PBXBuildFile section */
		984A458E2081C3B500E00DF9 /* AppDelegate.swift in Sources */ = {isa = PBXBuildFile; fileRef = 984A458D2081C3B500E00DF9 /* AppDelegate.swift */; };
		984A45902081C3B500E00DF9 /* ViewController.swift in Sources */ = {isa = PBXBuildFile; fileRef = 984A458F2081C3B500E00DF9 /* ViewController.swift */; };
		984A45932081C3B500E00DF9 /* Main.storyboard in Resources */ = {isa = PBXBuildFile; fileRef = 984A45912081C3B500E00DF9 /* Main.storyboard */; };
		984A45952081C3B500E00DF9 /* Assets.xcassets in Resources */ = {isa = PBXBuildFile; fileRef = 984A45942081C3B500E00DF9 /* Assets.xcassets */; };
		984A45982081C3B500E00DF9 /* LaunchScreen.storyboard in Resources */ = {isa = PBXBuildFile; fileRef = 984A45962081C3B500E00DF9 /* LaunchScreen.storyboard */; };
		984A45A32081C3B500E00DF9 /* sampleGitTests.swift in Sources */ = {isa = PBXBuildFile; fileRef = 984A45A22081C3B500E00DF9 /* sampleGitTests.swift */; };
		984A45AE2081C3B600E00DF9 /* sampleGitUITests.swift in Sources */ = {isa = PBXBuildFile; fileRef = 984A45AD2081C3B600E00DF9 /* sampleGitUITests.swift */; };
/* End PBXBuildFile section */

/* Begin PBXContainerItemProxy section */
		984A459F2081C3B500E00DF9 /* PBXContainerItemProxy */ = {
			isa = PBXContainerItemProxy;
			containerPortal = 984A45822081C3B500E00DF9 /* Project object */;
			proxyType = 1;
			remoteGlobalIDString = 984A45892081C3B500E00DF9;
			remoteInfo = sampleGit;
		};
		984A45AA2081C3B600E00DF9 /* PBXContainerItemProxy */ = {
			isa = PBXContainerItemProxy;
			containerPortal = 984A45822081C3B500E00DF9 /* Project object */;
			proxyType = 1;
			remoteGlobalIDString = 984A45892081C3B500E00DF9;
			remoteInfo = sampleGit;
		};
/* End PBXContainerItemProxy section */

/* Begin PBXFileReference section */
		984A458A2081C3B500E00DF9 /* sampleGit.app */ = {isa = PBXFileReference; explicitFileType = wrapper.application; includeInIndex = 0; path = sampleGit.app; sourceTree = BUILT_PRODUCTS_DIR; };
		984A458D2081C3B500E00DF9 /* AppDelegate.swift */ = {isa = PBXFileReference; lastKnownFileType = sourcecode.swift; path = AppDelegate.swift; sourceTree = "<group>"; };
		984A458F2081C3B500E00DF9 /* ViewController.swift */ = {isa = PBXFileReference; lastKnownFileType = sourcecode.swift; path = ViewController.swift; sourceTree = "<group>"; };
		984A45922081C3B500E00DF9 /* Base */ = {isa = PBXFileReference; lastKnownFileType = file.storyboard; name = Base; path = Base.lproj/Main.storyboard; sourceTree = "<group>"; };
		984A45942081C3B500E00DF9 /* Assets.xcassets */ = {isa = PBXFileReference; lastKnownFileType = folder.assetcatalog; path = Assets.xcassets; sourceTree = "<group>"; };
		984A45972081C3B500E00DF9 /* Base */ = {isa = PBXFileReference; lastKnownFileType = file.storyboard; name = Base; path = Base.lproj/LaunchScreen.storyboard; sourceTree = "<group>"; };
		984A45992081C3B500E00DF9 /* Info.plist */ = {isa = PBXFileReference; lastKnownFileType = text.plist.xml; path = Info.plist; sourceTree = "<group>"; };
		984A459E2081C3B500E00DF9 /* sampleGitTests.xctest */ = {isa = PBXFileReference; explicitFileType = wrapper.cfbundle; includeInIndex = 0; path = sampleGitTests.xctest; sourceTree = BUILT_PRODUCTS_DIR; };
		984A45A22081C3B500E00DF9 /* sampleGitTests.swift */ = {isa = PBXFileReference; lastKnownFileType = sourcecode.swift; path = sampleGitTests.swift; sourceTree = "<group>"; };
		984A45A42081C3B500E00DF9 /* Info.plist */ = {isa = PBXFileReference; lastKnownFileType = text.plist.xml; path = Info.plist; sourceTree = "<group>"; };
		984A45A92081C3B500E00DF9 /* sampleGitUITests.xctest */ = {isa = PBXFileReference; explicitFileType = wrapper.cfbundle; includeInIndex = 0; path = sampleGitUITests.xctest; sourceTree = BUILT_PRODUCTS_DIR; };
		984A45AD2081C3B600E00DF9 /* sampleGitUITests.swift */ = {isa = PBXFileReference; lastKnownFileType = sourcecode.swift; path = sampleGitUITests.swift; sourceTree = "<group>"; };
		984A45AF2081C3B600E00DF9 /* Info.plist */ = {isa = PBXFileReference; lastKnownFileType = text.plist.xml; path = Info.plist; sourceTree = "<group>"; };
/* End PBXFileReference section */

/* Begin PBXFrameworksBuildPhase section */
		984A45872081C3B500E00DF9 /* Frameworks */ = {
			isa = PBXFrameworksBuildPhase;
			buildActionMask = 2147483647;
			files = (
			);
			runOnlyForDeploymentPostprocessing = 0;
		};
		984A459B2081C3B500E00DF9 /* Frameworks */ = {
			isa = PBXFrameworksBuildPhase;
			buildActionMask = 2147483647;
			files = (
			);
			runOnlyForDeploymentPostprocessing = 0;
		};
		984A45A62081C3B500E00DF9 /* Frameworks */ = {
			isa = PBXFrameworksBuildPhase;
			buildActionMask = 2147483647;
			files = (
			);
			runOnlyForDeploymentPostprocessing = 0;
		};
/* End PBXFrameworksBuildPhase section */

/* Begin PBXGroup section */
		984A45812081C3B500E00DF9 = {
			isa = PBXGroup;
			children = (
				984A458C2081C3B500E00DF9 /* sampleGit */,
				984A45A12081C3B500E00DF9 /* sampleGitTests */,
				984A45AC2081C3B600E00DF9 /* sampleGitUITests */,
				984A458B2081C3B500E00DF9 /* Products */,
			);
			sourceTree = "<group>";
		};
		984A458B2081C3B500E00DF9 /* Products */ = {
			isa = PBXGroup;
			children = (
				984A458A2081C3B500E00DF9 /* sampleGit.app */,
				984A459E2081C3B500E00DF9 /* sampleGitTests.xctest */,
				984A45A92081C3B500E00DF9 /* sampleGitUITests.xctest */,
			);
			name = Products;
			sourceTree = "<group>";
		};
		984A458C2081C3B500E00DF9 /* sampleGit */ = {
			isa = PBXGroup;
			children = (
				984A458D2081C3B500E00DF9 /* AppDelegate.swift */,
				984A458F2081C3B500E00DF9 /* ViewController.swift */,
				984A45912081C3B500E00DF9 /* Main.storyboard */,
				984A45942081C3B500E00DF9 /* Assets.xcassets */,
				984A45962081C3B500E00DF9 /* LaunchScreen.storyboard */,
				984A45992081C3B500E00DF9 /* Info.plist */,
			);
			path = sampleGit;
			sourceTree = "<group>";
		};
		984A45A12081C3B500E00DF9 /* sampleGitTests */ = {
			isa = PBXGroup;
			children = (
				984A45A22081C3B500E00DF9 /* sampleGitTests.swift */,
				984A45A42081C3B500E00DF9 /* Info.plist */,
			);
			path = sampleGitTests;
			sourceTree = "<group>";
		};
		984A45AC2081C3B600E00DF9 /* sampleGitUITests */ = {
			isa = PBXGroup;
			children = (
				984A45AD2081C3B600E00DF9 /* sampleGitUITests.swift */,
				984A45AF2081C3B600E00DF9 /* Info.plist */,
			);
			path = sampleGitUITests;
			sourceTree = "<group>";
		};
/* End PBXGroup section */

/* Begin PBXNativeTarget section */
		984A45892081C3B500E00DF9 /* sampleGit */ = {
			isa = PBXNativeTarget;
			buildConfigurationList = 984A45B22081C3B600E00DF9 /* Build configuration list for PBXNativeTarget "sampleGit" */;
			buildPhases = (
				984A45862081C3B500E00DF9 /* Sources */,
				984A45872081C3B500E00DF9 /* Frameworks */,
				984A45882081C3B500E00DF9 /* Resources */,
			);
			buildRules = (
			);
			dependencies = (
			);
			name = sampleGit;
			productName = sampleGit;
			productReference = 984A458A2081C3B500E00DF9 /* sampleGit.app */;
			productType = "com.apple.product-type.application";
		};
		984A459D2081C3B500E00DF9 /* sampleGitTests */ = {
			isa = PBXNativeTarget;
			buildConfigurationList = 984A45B52081C3B600E00DF9 /* Build configuration list for PBXNativeTarget "sampleGitTests" */;
			buildPhases = (
				984A459A2081C3B500E00DF9 /* Sources */,
				984A459B2081C3B500E00DF9 /* Frameworks */,
				984A459C2081C3B500E00DF9 /* Resources */,
			);
			buildRules = (
			);
			dependencies = (
				984A45A02081C3B500E00DF9 /* PBXTargetDependency */,
			);
			name = sampleGitTests;
			productName = sampleGitTests;
			productReference = 984A459E2081C3B500E00DF9 /* sampleGitTests.xctest */;
			productType = "com.apple.product-type.bundle.unit-test";
		};
		984A45A82081C3B500E00DF9 /* sampleGitUITests */ = {
			isa = PBXNativeTarget;
			buildConfigurationList = 984A45B82081C3B600E00DF9 /* Build configuration list for PBXNativeTarget "sampleGitUITests" */;
			buildPhases = (
				984A45A52081C3B500E00DF9 /* Sources */,
				984A45A62081C3B500E00DF9 /* Frameworks */,
				984A45A72081C3B500E00DF9 /* Resources */,
			);
			buildRules = (
			);
			dependencies = (
				984A45AB2081C3B600E00DF9 /* PBXTargetDependency */,
			);
			name = sampleGitUITests;
			productName = sampleGitUITests;
			productReference = 984A45A92081C3B500E00DF9 /* sampleGitUITests.xctest */;
			productType = "com.apple.product-type.bundle.ui-testing";
		};
/* End PBXNativeTarget section */

/* Begin PBXProject section */
		984A45822081C3B500E00DF9 /* Project object */ = {
			isa = PBXProject;
			attributes = {
				LastSwiftUpdateCheck = 0920;
				LastUpgradeCheck = 0920;
				ORGANIZATIONNAME = TestSelf;
				TargetAttributes = {
					984A45892081C3B500E00DF9 = {
						CreatedOnToolsVersion = 9.2;
						ProvisioningStyle = Automatic;
					};
					984A459D2081C3B500E00DF9 = {
						CreatedOnToolsVersion = 9.2;
						ProvisioningStyle = Automatic;
						TestTargetID = 984A45892081C3B500E00DF9;
					};
					984A45A82081C3B500E00DF9 = {
						CreatedOnToolsVersion = 9.2;
						ProvisioningStyle = Automatic;
						TestTargetID = 984A45892081C3B500E00DF9;
					};
				};
			};
			buildConfigurationList = 984A45852081C3B500E00DF9 /* Build configuration list for PBXProject "sampleGit" */;
			compatibilityVersion = "Xcode 8.0";
			developmentRegion = en;
			hasScannedForEncodings = 0;
			knownRegions = (
				en,
				Base,
			);
			mainGroup = 984A45812081C3B500E00DF9;
			productRefGroup = 984A458B2081C3B500E00DF9 /* Products */;
			projectDirPath = "";
			projectRoot = "";
			targets = (
				984A45892081C3B500E00DF9 /* sampleGit */,
				984A459D2081C3B500E00DF9 /* sampleGitTests */,
				984A45A82081C3B500E00DF9 /* sampleGitUITests */,
			);
		};
/* End PBXProject section */

/* Begin PBXResourcesBuildPhase section */
		984A45882081C3B500E00DF9 /* Resources */ = {
			isa = PBXResourcesBuildPhase;
			buildActionMask = 2147483647;
			files = (
				984A45982081C3B500E00DF9 /* LaunchScreen.storyboard in Resources */,
				984A45952081C3B500E00DF9 /* Assets.xcassets in Resources */,
				984A45932081C3B500E00DF9 /* Main.storyboard in Resources */,
			);
			runOnlyForDeploymentPostprocessing = 0;
		};
		984A459C2081C3B500E00DF9 /* Resources */ = {
			isa = PBXResourcesBuildPhase;
			buildActionMask = 2147483647;
			files = (
			);
			runOnlyForDeploymentPostprocessing = 0;
		};
		984A45A72081C3B500E00DF9 /* Resources */ = {
			isa = PBXResourcesBuildPhase;
			buildActionMask = 2147483647;
			files = (
			);
			runOnlyForDeploymentPostprocessing = 0;
		};
/* End PBXResourcesBuildPhase section */

/* Begin PBXSourcesBuildPhase section */
		984A45862081C3B500E00DF9 /* Sources */ = {
			isa = PBXSourcesBuildPhase;
			buildActionMask = 2147483647;
			files = (
				984A45902081C3B500E00DF9 /* ViewController.swift in Sources */,
				984A458E2081C3B500E00DF9 /* AppDelegate.swift in Sources */,
			);
			runOnlyForDeploymentPostprocessing = 0;
		};
		984A459A2081C3B500E00DF9 /* Sources */ = {
			isa = PBXSourcesBuildPhase;
			buildActionMask = 2147483647;
			files = (
				984A45A32081C3B500E00DF9 /* sampleGitTests.swift in Sources */,
			);
			runOnlyForDeploymentPostprocessing = 0;
		};
		984A45A52081C3B500E00DF9 /* Sources */ = {
			isa = PBXSourcesBuildPhase;
			buildActionMask = 2147483647;
			files = (
				984A45AE2081C3B600E00DF9 /* sampleGitUITests.swift in Sources */,
			);
			runOnlyForDeploymentPostprocessing = 0;
		};
/* End PBXSourcesBuildPhase section */

/* Begin PBXTargetDependency section */
		984A45A02081C3B500E00DF9 /* PBXTargetDependency */ = {
			isa = PBXTargetDependency;
			target = 984A45892081C3B500E00DF9 /* sampleGit */;
			targetProxy = 984A459F2081C3B500E00DF9 /* PBXContainerItemProxy */;
		};
		984A45AB2081C3B600E00DF9 /* PBXTargetDependency */ = {
			isa = PBXTargetDependency;
			target = 984A45892081C3B500E00DF9 /* sampleGit */;
			targetProxy = 984A45AA2081C3B600E00DF9 /* PBXContainerItemProxy */;
		};
/* End PBXTargetDependency section */

/* Begin PBXVariantGroup section */
		984A45912081C3B500E00DF9 /* Main.storyboard */ = {
			isa = PBXVariantGroup;
			children = (
				984A45922081C3B500E00DF9 /* Base */,
			);
			name = Main.storyboard;
			sourceTree = "<group>";
		};
		984A45962081C3B500E00DF9 /* LaunchScreen.storyboard */ = {
			isa = PBXVariantGroup;
			children = (
				984A45972081C3B500E00DF9 /* Base */,
			);
			name = LaunchScreen.storyboard;
			sourceTree = "<group>";
		};
/* End PBXVariantGroup section */

/* Begin XCBuildConfiguration section */
		984A45B02081C3B600E00DF9 /* Debug */ = {
			isa = XCBuildConfiguration;
			buildSettings = {
				ALWAYS_SEARCH_USER_PATHS = NO;
				CLANG_ANALYZER_NONNULL = YES;
				CLANG_ANALYZER_NUMBER_OBJECT_CONVERSION = YES_AGGRESSIVE;
				CLANG_CXX_LANGUAGE_STANDARD = "gnu++14";
				CLANG_CXX_LIBRARY = "libc++";
				CLANG_ENABLE_MODULES = YES;
				CLANG_ENABLE_OBJC_ARC = YES;
				CLANG_WARN_BLOCK_CAPTURE_AUTORELEASING = YES;
				CLANG_WARN_BOOL_CONVERSION = YES;
				CLANG_WARN_COMMA = YES;
				CLANG_WARN_CONSTANT_CONVERSION = YES;
				CLANG_WARN_DIRECT_OBJC_ISA_USAGE = YES_ERROR;
				CLANG_WARN_DOCUMENTATION_COMMENTS = YES;
				CLANG_WARN_EMPTY_BODY = YES;
				CLANG_WARN_ENUM_CONVERSION = YES;
				CLANG_WARN_INFINITE_RECURSION = YES;
				CLANG_WARN_INT_CONVERSION = YES;
				CLANG_WARN_NON_LITERAL_NULL_CONVERSION = YES;
				CLANG_WARN_OBJC_LITERAL_CONVERSION = YES;
				CLANG_WARN_OBJC_ROOT_CLASS = YES_ERROR;
				CLANG_WARN_RANGE_LOOP_ANALYSIS = YES;
				CLANG_WARN_STRICT_PROTOTYPES = YES;
				CLANG_WARN_SUSPICIOUS_MOVE = YES;
				CLANG_WARN_UNGUARDED_AVAILABILITY = YES_AGGRESSIVE;
				CLANG_WARN_UNREACHABLE_CODE = YES;
				CLANG_WARN__DUPLICATE_METHOD_MATCH = YES;
				CODE_SIGN_IDENTITY = "iPhone Developer";
				COPY_PHASE_STRIP = NO;
				DEBUG_INFORMATION_FORMAT = dwarf;
				ENABLE_STRICT_OBJC_MSGSEND = YES;
				ENABLE_TESTABILITY = YES;
				GCC_C_LANGUAGE_STANDARD = gnu11;
				GCC_DYNAMIC_NO_PIC = NO;
				GCC_NO_COMMON_BLOCKS = YES;
				GCC_OPTIMIZATION_LEVEL = 0;
				GCC_PREPROCESSOR_DEFINITIONS = (
					"DEBUG=1",
					"$(inherited)",
				);
				GCC_WARN_64_TO_32_BIT_CONVERSION = YES;
				GCC_WARN_ABOUT_RETURN_TYPE = YES_ERROR;
				GCC_WARN_UNDECLARED_SELECTOR = YES;
				GCC_WARN_UNINITIALIZED_AUTOS = YES_AGGRESSIVE;
				GCC_WARN_UNUSED_FUNCTION = YES;
				GCC_WARN_UNUSED_VARIABLE = YES;
				IPHONEOS_DEPLOYMENT_TARGET = 11.2;
				MTL_ENABLE_DEBUG_INFO = YES;
				ONLY_ACTIVE_ARCH = YES;
				SDKROOT = iphoneos;
				SWIFT_ACTIVE_COMPILATION_CONDITIONS = DEBUG;
				SWIFT_OPTIMIZATION_LEVEL = "-Onone";
			};
			name = Debug;
		};
		984A45B12081C3B600E00DF9 /* Release */ = {
			isa = XCBuildConfiguration;
			buildSettings = {
				ALWAYS_SEARCH_USER_PATHS = NO;
				CLANG_ANALYZER_NONNULL = YES;
				CLANG_ANALYZER_NUMBER_OBJECT_CONVERSION = YES_AGGRESSIVE;
				CLANG_CXX_LANGUAGE_STANDARD = "gnu++14";
				CLANG_CXX_LIBRARY = "libc++";
				CLANG_ENABLE_MODULES = YES;
				CLANG_ENABLE_OBJC_ARC = YES;
				CLANG_WARN_BLOCK_CAPTURE_AUTORELEASING = YES;
				CLANG_WARN_BOOL_CONVERSION = YES;
				CLANG_WARN_COMMA = YES;
				CLANG_WARN_CONSTANT_CONVERSION = YES;
				CLANG_WARN_DIRECT_OBJC_ISA_USAGE = YES_ERROR;
				CLANG_WARN_DOCUMENTATION_COMMENTS = YES;
				CLANG_WARN_EMPTY_BODY = YES;
				CLANG_WARN_ENUM_CONVERSION = YES;
				CLANG_WARN_INFINITE_RECURSION = YES;
				CLANG_WARN_INT_CONVERSION = YES;
				CLANG_WARN_NON_LITERAL_NULL_CONVERSION = YES;
				CLANG_WARN_OBJC_LITERAL_CONVERSION = YES;
				CLANG_WARN_OBJC_ROOT_CLASS = YES_ERROR;
				CLANG_WARN_RANGE_LOOP_ANALYSIS = YES;
				CLANG_WARN_STRICT_PROTOTYPES = YES;
				CLANG_WARN_SUSPICIOUS_MOVE = YES;
				CLANG_WARN_UNGUARDED_AVAILABILITY = YES_AGGRESSIVE;
				CLANG_WARN_UNREACHABLE_CODE = YES;
				CLANG_WARN__DUPLICATE_METHOD_MATCH = YES;
				CODE_SIGN_IDENTITY = "iPhone Developer";
				COPY_PHASE_STRIP = NO;
				DEBUG_INFORMATION_FORMAT = "dwarf-with-dsym";
				ENABLE_NS_ASSERTIONS = NO;
				ENABLE_STRICT_OBJC_MSGSEND = YES;
				GCC_C_LANGUAGE_STANDARD = gnu11;
				GCC_NO_COMMON_BLOCKS = YES;
				GCC_WARN_64_TO_32_BIT_CONVERSION = YES;
				GCC_WARN_ABOUT_RETURN_TYPE = YES_ERROR;
				GCC_WARN_UNDECLARED_SELECTOR = YES;
				GCC_WARN_UNINITIALIZED_AUTOS = YES_AGGRESSIVE;
				GCC_WARN_UNUSED_FUNCTION = YES;
				GCC_WARN_UNUSED_VARIABLE = YES;
				IPHONEOS_DEPLOYMENT_TARGET = 11.2;
				MTL_ENABLE_DEBUG_INFO = NO;
				SDKROOT = iphoneos;
				SWIFT_OPTIMIZATION_LEVEL = "-Owholemodule";
				VALIDATE_PRODUCT = YES;
			};
			name = Release;
		};
		984A45B32081C3B600E00DF9 /* Debug */ = {
			isa = XCBuildConfiguration;
			buildSettings = {
				ASSETCATALOG_COMPILER_APPICON_NAME = AppIcon;
				CODE_SIGN_STYLE = Automatic;
				INFOPLIST_FILE = sampleGit/Info.plist;
				LD_RUNPATH_SEARCH_PATHS = "$(inherited) @executable_path/Frameworks";
				PRODUCT_BUNDLE_IDENTIFIER = com.TestFirst.sampleGit;
				PRODUCT_NAME = "$(TARGET_NAME)";
				SWIFT_VERSION = 4.0;
				TARGETED_DEVICE_FAMILY = "1,2";
			};
			name = Debug;
		};
		984A45B42081C3B600E00DF9 /* Release */ = {
			isa = XCBuildConfiguration;
			buildSettings = {
				ASSETCATALOG_COMPILER_APPICON_NAME = AppIcon;
				CODE_SIGN_STYLE = Automatic;
				INFOPLIST_FILE = sampleGit/Info.plist;
				LD_RUNPATH_SEARCH_PATHS = "$(inherited) @executable_path/Frameworks";
				PRODUCT_BUNDLE_IDENTIFIER = com.TestFirst.sampleGit;
				PRODUCT_NAME = "$(TARGET_NAME)";
				SWIFT_VERSION = 4.0;
				TARGETED_DEVICE_FAMILY = "1,2";
			};
			name = Release;
		};
		984A45B62081C3B600E00DF9 /* Debug */ = {
			isa = XCBuildConfiguration;
			buildSettings = {
				ALWAYS_EMBED_SWIFT_STANDARD_LIBRARIES = YES;
				BUNDLE_LOADER = "$(TEST_HOST)";
				CODE_SIGN_STYLE = Automatic;
				INFOPLIST_FILE = sampleGitTests/Info.plist;
				LD_RUNPATH_SEARCH_PATHS = "$(inherited) @executable_path/Frameworks @loader_path/Frameworks";
				PRODUCT_BUNDLE_IDENTIFIER = com.TestFirst.sampleGitTests;
				PRODUCT_NAME = "$(TARGET_NAME)";
				SWIFT_VERSION = 4.0;
				TARGETED_DEVICE_FAMILY = "1,2";
				TEST_HOST = "$(BUILT_PRODUCTS_DIR)/sampleGit.app/sampleGit";
			};
			name = Debug;
		};
		984A45B72081C3B600E00DF9 /* Release */ = {
			isa = XCBuildConfiguration;
			buildSettings = {
				ALWAYS_EMBED_SWIFT_STANDARD_LIBRARIES = YES;
				BUNDLE_LOADER = "$(TEST_HOST)";
				CODE_SIGN_STYLE = Automatic;
				INFOPLIST_FILE = sampleGitTests/Info.plist;
				LD_RUNPATH_SEARCH_PATHS = "$(inherited) @executable_path/Frameworks @loader_path/Frameworks";
				PRODUCT_BUNDLE_IDENTIFIER = com.TestFirst.sampleGitTests;
				PRODUCT_NAME = "$(TARGET_NAME)";
				SWIFT_VERSION = 4.0;
				TARGETED_DEVICE_FAMILY = "1,2";
				TEST_HOST = "$(BUILT_PRODUCTS_DIR)/sampleGit.app/sampleGit";
			};
			name = Release;
		};
		984A45B92081C3B600E00DF9 /* Debug */ = {
			isa = XCBuildConfiguration;
			buildSettings = {
				ALWAYS_EMBED_SWIFT_STANDARD_LIBRARIES = YES;
				CODE_SIGN_STYLE = Automatic;
				INFOPLIST_FILE = sampleGitUITests/Info.plist;
				LD_RUNPATH_SEARCH_PATHS = "$(inherited) @executable_path/Frameworks @loader_path/Frameworks";
				PRODUCT_BUNDLE_IDENTIFIER = com.TestFirst.sampleGitUITests;
				PRODUCT_NAME = "$(TARGET_NAME)";
				SWIFT_VERSION = 4.0;
				TARGETED_DEVICE_FAMILY = "1,2";
				TEST_TARGET_NAME = sampleGit;
			};
			name = Debug;
		};
		984A45BA2081C3B600E00DF9 /* Release */ = {
			isa = XCBuildConfiguration;
			buildSettings = {
				ALWAYS_EMBED_SWIFT_STANDARD_LIBRARIES = YES;
				CODE_SIGN_STYLE = Automatic;
				INFOPLIST_FILE = sampleGitUITests/Info.plist;
				LD_RUNPATH_SEARCH_PATHS = "$(inherited) @executable_path/Frameworks @loader_path/Frameworks";
				PRODUCT_BUNDLE_IDENTIFIER = com.TestFirst.sampleGitUITests;
				PRODUCT_NAME = "$(TARGET_NAME)";
				SWIFT_VERSION = 4.0;
				TARGETED_DEVICE_FAMILY = "1,2";
				TEST_TARGET_NAME = sampleGit;
			};
			name = Release;
		};
/* End XCBuildConfiguration section */

/* Begin XCConfigurationList section */
		984A45852081C3B500E00DF9 /* Build configuration list for PBXProject "sampleGit" */ = {
			isa = XCConfigurationList;
			buildConfigurations = (
				984A45B02081C3B600E00DF9 /* Debug */,
				984A45B12081C3B600E00DF9 /* Release */,
			);
			defaultConfigurationIsVisible = 0;
			defaultConfigurationName = Release;
		};
		984A45B22081C3B600E00DF9 /* Build configuration list for PBXNativeTarget "sampleGit" */ = {
			isa = XCConfigurationList;
			buildConfigurations = (
				984A45B32081C3B600E00DF9 /* Debug */,
				984A45B42081C3B600E00DF9 /* Release */,
			);
			defaultConfigurationIsVisible = 0;
			defaultConfigurationName = Release;
		};
		984A45B52081C3B600E00DF9 /* Build configuration list for PBXNativeTarget "sampleGitTests" */ = {
			isa = XCConfigurationList;
			buildConfigurations = (
				984A45B62081C3B600E00DF9 /* Debug */,
				984A45B72081C3B600E00DF9 /* Release */,
			);
			defaultConfigurationIsVisible = 0;
			defaultConfigurationName = Release;
		};
		984A45B82081C3B600E00DF9 /* Build configuration list for PBXNativeTarget "sampleGitUITests" */ = {
			isa = XCConfigurationList;
			buildConfigurations = (
				984A45B92081C3B600E00DF9 /* Debug */,
				984A45BA2081C3B600E00DF9 /* Release */,
			);
			defaultConfigurationIsVisible = 0;
			defaultConfigurationName = Release;
		};
/* End XCConfigurationList section */
	};
	rootObject = 984A45822081C3B500E00DF9 /* Project object */;
}
